
Microsoft Visual Studio Solution File, Format Version 12.00
# Visual Studio 15
VisualStudioVersion = 15.0.28010.2046
MinimumVisualStudioVersion = 10.0.40219.1
Project("{FAE04EC0-301F-11D3-BF4B-00C04F79EFBC}") = "CengDepartment.Android", "CengDepartment\CengDepartment.Android\CengDepartment.Android.csproj", "{F37D372F-4FC9-44C8-872F-D889F07EBE95}"
EndProject
Project("{FAE04EC0-301F-11D3-BF4B-00C04F79EFBC}") = "CengDepartment.iOS", "CengDepartment\CengDepartment.iOS\CengDepartment.iOS.csproj", "{F0DD73A2-FCB1-42F0-91F2-8B4CA8B8C069}"
EndProject
Project("{FAE04EC0-301F-11D3-BF4B-00C04F79EFBC}") = "CengDepartment.UWP", "CengDepartment\CengDepartment.UWP\CengDepartment.UWP.csproj", "{8FD6BC62-654F-4FA6-92C6-735F003749DB}"
EndProject
Project("{FAE04EC0-301F-11D3-BF4B-00C04F79EFBC}") = "CengDepartment", "CengDepartment\CengDepartment\CengDepartment.csproj", "{7E6216BC-3151-453F-966D-A07A1A417162}"
EndProject
Global
	GlobalSection(SolutionConfigurationPlatforms) = preSolution
		Ad-Hoc|Any CPU = Ad-Hoc|Any CPU
		Ad-Hoc|ARM = Ad-Hoc|ARM
		Ad-Hoc|iPhone = Ad-Hoc|iPhone
		Ad-Hoc|iPhoneSimulator = Ad-Hoc|iPhoneSimulator
		Ad-Hoc|x64 = Ad-Hoc|x64
		Ad-Hoc|x86 = Ad-Hoc|x86
		AppStore|Any CPU = AppStore|Any CPU
		AppStore|ARM = AppStore|ARM
		AppStore|iPhone = AppStore|iPhone
		AppStore|iPhoneSimulator = AppStore|iPhoneSimulator
		AppStore|x64 = AppStore|x64
		AppStore|x86 = AppStore|x86
		Debug|Any CPU = Debug|Any CPU
		Debug|ARM = Debug|ARM
		Debug|iPhone = Debug|iPhone
		Debug|iPhoneSimulator = Debug|iPhoneSimulator
		Debug|x64 = Debug|x64
		Debug|x86 = Debug|x86
		Release|Any CPU = Release|Any CPU
		Release|ARM = Release|ARM
		Release|iPhone = Release|iPhone
		Release|iPhoneSimulator = Release|iPhoneSimulator
		Release|x64 = Release|x64
		Release|x86 = Release|x86
	EndGlobalSection
	GlobalSection(ProjectConfigurationPlatforms) = postSolution
		{F37D372F-4FC9-44C8-872F-D889F07EBE95}.Ad-Hoc|Any CPU.ActiveCfg = Release|Any CPU
		{F37D372F-4FC9-44C8-872F-D889F07EBE95}.Ad-Hoc|Any CPU.Build.0 = Release|Any CPU
		{F37D372F-4FC9-44C8-872F-D889F07EBE95}.Ad-Hoc|Any CPU.Deploy.0 = Release|Any CPU
		{F37D372F-4FC9-44C8-872F-D889F07EBE95}.Ad-Hoc|ARM.ActiveCfg = Release|Any CPU
		{F37D372F-4FC9-44C8-872F-D889F07EBE95}.Ad-Hoc|ARM.Build.0 = Release|Any CPU
		{F37D372F-4FC9-44C8-872F-D889F07EBE95}.Ad-Hoc|ARM.Deploy.0 = Release|Any CPU
		{F37D372F-4FC9-44C8-872F-D889F07EBE95}.Ad-Hoc|iPhone.ActiveCfg = Release|Any CPU
		{F37D372F-4FC9-44C8-872F-D889F07EBE95}.Ad-Hoc|iPhone.Build.0 = Release|Any CPU
		{F37D372F-4FC9-44C8-872F-D889F07EBE95}.Ad-Hoc|iPhone.Deploy.0 = Release|Any CPU
		{F37D372F-4FC9-44C8-872F-D889F07EBE95}.Ad-Hoc|iPhoneSimulator.ActiveCfg = Release|Any CPU
		{F37D372F-4FC9-44C8-872F-D889F07EBE95}.Ad-Hoc|iPhoneSimulator.Build.0 = Release|Any CPU
		{F37D372F-4FC9-44C8-872F-D889F07EBE95}.Ad-Hoc|iPhoneSimulator.Deploy.0 = Release|Any CPU
		{F37D372F-4FC9-44C8-872F-D889F07EBE95}.Ad-Hoc|x64.ActiveCfg = Release|Any CPU
		{F37D372F-4FC9-44C8-872F-D889F07EBE95}.Ad-Hoc|x64.Build.0 = Release|Any CPU
		{F37D372F-4FC9-44C8-872F-D889F07EBE95}.Ad-Hoc|x64.Deploy.0 = Release|Any CPU
		{F37D372F-4FC9-44C8-872F-D889F07EBE95}.Ad-Hoc|x86.ActiveCfg = Release|Any CPU
		{F37D372F-4FC9-44C8-872F-D889F07EBE95}.Ad-Hoc|x86.Build.0 = Release|Any CPU
		{F37D372F-4FC9-44C8-872F-D889F07EBE95}.Ad-Hoc|x86.Deploy.0 = Release|Any CPU
		{F37D372F-4FC9-44C8-872F-D889F07EBE95}.AppStore|Any CPU.ActiveCfg = Release|Any CPU
		{F37D372F-4FC9-44C8-872F-D889F07EBE95}.AppStore|Any CPU.Build.0 = Release|Any CPU
		{F37D372F-4FC9-44C8-872F-D889F07EBE95}.AppStore|Any CPU.Deploy.0 = Release|Any CPU
		{F37D372F-4FC9-44C8-872F-D889F07EBE95}.AppStore|ARM.ActiveCfg = Release|Any CPU
		{F37D372F-4FC9-44C8-872F-D889F07EBE95}.AppStore|ARM.Build.0 = Release|Any CPU
		{F37D372F-4FC9-44C8-872F-D889F07EBE95}.AppStore|ARM.Deploy.0 = Release|Any CPU
		{F37D372F-4FC9-44C8-872F-D889F07EBE95}.AppStore|iPhone.ActiveCfg = Release|Any CPU
		{F37D372F-4FC9-44C8-872F-D889F07EBE95}.AppStore|iPhone.Build.0 = Release|Any CPU
		{F37D372F-4FC9-44C8-872F-D889F07EBE95}.AppStore|iPhone.Deploy.0 = Release|Any CPU
		{F37D372F-4FC9-44C8-872F-D889F07EBE95}.AppStore|iPhoneSimulator.ActiveCfg = Release|Any CPU
		{F37D372F-4FC9-44C8-872F-D889F07EBE95}.AppStore|iPhoneSimulator.Build.0 = Release|Any CPU
		{F37D372F-4FC9-44C8-872F-D889F07EBE95}.AppStore|iPhoneSimulator.Deploy.0 = Release|Any CPU
		{F37D372F-4FC9-44C8-872F-D889F07EBE95}.AppStore|x64.ActiveCfg = Release|Any CPU
		{F37D372F-4FC9-44C8-872F-D889F07EBE95}.AppStore|x64.Build.0 = Release|Any CPU
		{F37D372F-4FC9-44C8-872F-D889F07EBE95}.AppStore|x64.Deploy.0 = Release|Any CPU
		{F37D372F-4FC9-44C8-872F-D889F07EBE95}.AppStore|x86.ActiveCfg = Release|Any CPU
		{F37D372F-4FC9-44C8-872F-D889F07EBE95}.AppStore|x86.Build.0 = Release|Any CPU
		{F37D372F-4FC9-44C8-872F-D889F07EBE95}.AppStore|x86.Deploy.0 = Release|Any CPU
		{F37D372F-4FC9-44C8-872F-D889F07EBE95}.Debug|Any CPU.ActiveCfg = Debug|Any CPU
		{F37D372F-4FC9-44C8-872F-D889F07EBE95}.Debug|Any CPU.Build.0 = Debug|Any CPU
		{F37D372F-4FC9-44C8-872F-D889F07EBE95}.Debug|Any CPU.Deploy.0 = Debug|Any CPU
		{F37D372F-4FC9-44C8-872F-D889F07EBE95}.Debug|ARM.ActiveCfg = Debug|Any CPU
		{F37D372F-4FC9-44C8-872F-D889F07EBE95}.Debug|ARM.Build.0 = Debug|Any CPU
		{F37D372F-4FC9-44C8-872F-D889F07EBE95}.Debug|ARM.Deploy.0 = Debug|Any CPU
		{F37D372F-4FC9-44C8-872F-D889F07EBE95}.Debug|iPhone.ActiveCfg = Debug|Any CPU
		{F37D372F-4FC9-44C8-872F-D889F07EBE95}.Debug|iPhone.Build.0 = Debug|Any CPU
		{F37D372F-4FC9-44C8-872F-D889F07EBE95}.Debug|iPhone.Deploy.0 = Debug|Any CPU
		{F37D372F-4FC9-44C8-872F-D889F07EBE95}.Debug|iPhoneSimulator.ActiveCfg = Debug|Any CPU
		{F37D372F-4FC9-44C8-872F-D889F07EBE95}.Debug|iPhoneSimulator.Build.0 = Debug|Any CPU
		{F37D372F-4FC9-44C8-872F-D889F07EBE95}.Debug|iPhoneSimulator.Deploy.0 = Debug|Any CPU
		{F37D372F-4FC9-44C8-872F-D889F07EBE95}.Debug|x64.ActiveCfg = Debug|Any CPU
		{F37D372F-4FC9-44C8-872F-D889F07EBE95}.Debug|x64.Build.0 = Debug|Any CPU
		{F37D372F-4FC9-44C8-872F-D889F07EBE95}.Debug|x64.Deploy.0 = Debug|Any CPU
		{F37D372F-4FC9-44C8-872F-D889F07EBE95}.Debug|x86.ActiveCfg = Debug|Any CPU
		{F37D372F-4FC9-44C8-872F-D889F07EBE95}.Debug|x86.Build.0 = Debug|Any CPU
		{F37D372F-4FC9-44C8-872F-D889F07EBE95}.Debug|x86.Deploy.0 = Debug|Any CPU
		{F37D372F-4FC9-44C8-872F-D889F07EBE95}.Release|Any CPU.ActiveCfg = Release|Any CPU
		{F37D372F-4FC9-44C8-872F-D889F07EBE95}.Release|Any CPU.Build.0 = Release|Any CPU
		{F37D372F-4FC9-44C8-872F-D889F07EBE95}.Release|Any CPU.Deploy.0 = Release|Any CPU
		{F37D372F-4FC9-44C8-872F-D889F07EBE95}.Release|ARM.ActiveCfg = Release|Any CPU
		{F37D372F-4FC9-44C8-872F-D889F07EBE95}.Release|ARM.Build.0 = Release|Any CPU
		{F37D372F-4FC9-44C8-872F-D889F07EBE95}.Release|ARM.Deploy.0 = Release|Any CPU
		{F37D372F-4FC9-44C8-872F-D889F07EBE95}.Release|iPhone.ActiveCfg = Release|Any CPU
		{F37D372F-4FC9-44C8-872F-D889F07EBE95}.Release|iPhone.Build.0 = Release|Any CPU
		{F37D372F-4FC9-44C8-872F-D889F07EBE95}.Release|iPhone.Deploy.0 = Release|Any CPU
		{F37D372F-4FC9-44C8-872F-D889F07EBE95}.Release|iPhoneSimulator.ActiveCfg = Release|Any CPU
		{F37D372F-4FC9-44C8-872F-D889F07EBE95}.Release|iPhoneSimulator.Build.0 = Release|Any CPU
		{F37D372F-4FC9-44C8-872F-D889F07EBE95}.Release|iPhoneSimulator.Deploy.0 = Release|Any CPU
		{F37D372F-4FC9-44C8-872F-D889F07EBE95}.Release|x64.ActiveCfg = Release|Any CPU
		{F37D372F-4FC9-44C8-872F-D889F07EBE95}.Release|x64.Build.0 = Release|Any CPU
		{F37D372F-4FC9-44C8-872F-D889F07EBE95}.Release|x64.Deploy.0 = Release|Any CPU
		{F37D372F-4FC9-44C8-872F-D889F07EBE95}.Release|x86.ActiveCfg = Release|Any CPU
		{F37D372F-4FC9-44C8-872F-D889F07EBE95}.Release|x86.Build.0 = Release|Any CPU
		{F37D372F-4FC9-44C8-872F-D889F07EBE95}.Release|x86.Deploy.0 = Release|Any CPU
		{F0DD73A2-FCB1-42F0-91F2-8B4CA8B8C069}.Ad-Hoc|Any CPU.ActiveCfg = Ad-Hoc|iPhone
		{F0DD73A2-FCB1-42F0-91F2-8B4CA8B8C069}.Ad-Hoc|Any CPU.Build.0 = Ad-Hoc|iPhone
		{F0DD73A2-FCB1-42F0-91F2-8B4CA8B8C069}.Ad-Hoc|Any CPU.Deploy.0 = Ad-Hoc|iPhone
		{F0DD73A2-FCB1-42F0-91F2-8B4CA8B8C069}.Ad-Hoc|ARM.ActiveCfg = Ad-Hoc|iPhone
		{F0DD73A2-FCB1-42F0-91F2-8B4CA8B8C069}.Ad-Hoc|ARM.Build.0 = Ad-Hoc|iPhone
		{F0DD73A2-FCB1-42F0-91F2-8B4CA8B8C069}.Ad-Hoc|ARM.Deploy.0 = Ad-Hoc|iPhone
		{F0DD73A2-FCB1-42F0-91F2-8B4CA8B8C069}.Ad-Hoc|iPhone.ActiveCfg = Ad-Hoc|iPhone
		{F0DD73A2-FCB1-42F0-91F2-8B4CA8B8C069}.Ad-Hoc|iPhone.Build.0 = Ad-Hoc|iPhone
		{F0DD73A2-FCB1-42F0-91F2-8B4CA8B8C069}.Ad-Hoc|iPhone.Deploy.0 = Ad-Hoc|iPhone
		{F0DD73A2-FCB1-42F0-91F2-8B4CA8B8C069}.Ad-Hoc|iPhoneSimulator.ActiveCfg = Ad-Hoc|iPhoneSimulator
		{F0DD73A2-FCB1-42F0-91F2-8B4CA8B8C069}.Ad-Hoc|iPhoneSimulator.Build.0 = Ad-Hoc|iPhoneSimulator
		{F0DD73A2-FCB1-42F0-91F2-8B4CA8B8C069}.Ad-Hoc|iPhoneSimulator.Deploy.0 = Ad-Hoc|iPhoneSimulator
		{F0DD73A2-FCB1-42F0-91F2-8B4CA8B8C069}.Ad-Hoc|x64.ActiveCfg = Ad-Hoc|iPhone
		{F0DD73A2-FCB1-42F0-91F2-8B4CA8B8C069}.Ad-Hoc|x64.Build.0 = Ad-Hoc|iPhone
		{F0DD73A2-FCB1-42F0-91F2-8B4CA8B8C069}.Ad-Hoc|x64.Deploy.0 = Ad-Hoc|iPhone
		{F0DD73A2-FCB1-42F0-91F2-8B4CA8B8C069}.Ad-Hoc|x86.ActiveCfg = Ad-Hoc|iPhone
		{F0DD73A2-FCB1-42F0-91F2-8B4CA8B8C069}.Ad-Hoc|x86.Build.0 = Ad-Hoc|iPhone
		{F0DD73A2-FCB1-42F0-91F2-8B4CA8B8C069}.Ad-Hoc|x86.Deploy.0 = Ad-Hoc|iPhone
		{F0DD73A2-FCB1-42F0-91F2-8B4CA8B8C069}.AppStore|Any CPU.ActiveCfg = AppStore|iPhone
		{F0DD73A2-FCB1-42F0-91F2-8B4CA8B8C069}.AppStore|Any CPU.Build.0 = AppStore|iPhone
		{F0DD73A2-FCB1-42F0-91F2-8B4CA8B8C069}.AppStore|Any CPU.Deploy.0 = AppStore|iPhone
		{F0DD73A2-FCB1-42F0-91F2-8B4CA8B8C069}.AppStore|ARM.ActiveCfg = AppStore|iPhone
		{F0DD73A2-FCB1-42F0-91F2-8B4CA8B8C069}.AppStore|ARM.Build.0 = AppStore|iPhone
		{F0DD73A2-FCB1-42F0-91F2-8B4CA8B8C069}.AppStore|ARM.Deploy.0 = AppStore|iPhone
		{F0DD73A2-FCB1-42F0-91F2-8B4CA8B8C069}.AppStore|iPhone.ActiveCfg = AppStore|iPhone
		{F0DD73A2-FCB1-42F0-91F2-8B4CA8B8C069}.AppStore|iPhone.Build.0 = AppStore|iPhone
		{F0DD73A2-FCB1-42F0-91F2-8B4CA8B8C069}.AppStore|iPhone.Deploy.0 = AppStore|iPhone
		{F0DD73A2-FCB1-42F0-91F2-8B4CA8B8C069}.AppStore|iPhoneSimulator.ActiveCfg = AppStore|iPhoneSimulator
		{F0DD73A2-FCB1-42F0-91F2-8B4CA8B8C069}.AppStore|iPhoneSimulator.Build.0 = AppStore|iPhoneSimulator
		{F0DD73A2-FCB1-42F0-91F2-8B4CA8B8C069}.AppStore|iPhoneSimulator.Deploy.0 = AppStore|iPhoneSimulator
		{F0DD73A2-FCB1-42F0-91F2-8B4CA8B8C069}.AppStore|x64.ActiveCfg = AppStore|iPhone
		{F0DD73A2-FCB1-42F0-91F2-8B4CA8B8C069}.AppStore|x64.Build.0 = AppStore|iPhone
		{F0DD73A2-FCB1-42F0-91F2-8B4CA8B8C069}.AppStore|x64.Deploy.0 = AppStore|iPhone
		{F0DD73A2-FCB1-42F0-91F2-8B4CA8B8C069}.AppStore|x86.ActiveCfg = AppStore|iPhone
		{F0DD73A2-FCB1-42F0-91F2-8B4CA8B8C069}.AppStore|x86.Build.0 = AppStore|iPhone
		{F0DD73A2-FCB1-42F0-91F2-8B4CA8B8C069}.AppStore|x86.Deploy.0 = AppStore|iPhone
		{F0DD73A2-FCB1-42F0-91F2-8B4CA8B8C069}.Debug|Any CPU.ActiveCfg = Debug|iPhoneSimulator
		{F0DD73A2-FCB1-42F0-91F2-8B4CA8B8C069}.Debug|Any CPU.Build.0 = Debug|iPhoneSimulator
		{F0DD73A2-FCB1-42F0-91F2-8B4CA8B8C069}.Debug|Any CPU.Deploy.0 = Debug|iPhoneSimulator
		{F0DD73A2-FCB1-42F0-91F2-8B4CA8B8C069}.Debug|ARM.ActiveCfg = Debug|iPhone
		{F0DD73A2-FCB1-42F0-91F2-8B4CA8B8C069}.Debug|ARM.Build.0 = Debug|iPhone
		{F0DD73A2-FCB1-42F0-91F2-8B4CA8B8C069}.Debug|ARM.Deploy.0 = Debug|iPhone
		{F0DD73A2-FCB1-42F0-91F2-8B4CA8B8C069}.Debug|iPhone.ActiveCfg = Debug|iPhone
		{F0DD73A2-FCB1-42F0-91F2-8B4CA8B8C069}.Debug|iPhone.Build.0 = Debug|iPhone
		{F0DD73A2-FCB1-42F0-91F2-8B4CA8B8C069}.Debug|iPhone.Deploy.0 = Debug|iPhone
		{F0DD73A2-FCB1-42F0-91F2-8B4CA8B8C069}.Debug|iPhoneSimulator.ActiveCfg = Debug|iPhoneSimulator
		{F0DD73A2-FCB1-42F0-91F2-8B4CA8B8C069}.Debug|iPhoneSimulator.Build.0 = Debug|iPhoneSimulator
		{F0DD73A2-FCB1-42F0-91F2-8B4CA8B8C069}.Debug|iPhoneSimulator.Deploy.0 = Debug|iPhoneSimulator
		{F0DD73A2-FCB1-42F0-91F2-8B4CA8B8C069}.Debug|x64.ActiveCfg = Debug|iPhone
		{F0DD73A2-FCB1-42F0-91F2-8B4CA8B8C069}.Debug|x64.Build.0 = Debug|iPhone
		{F0DD73A2-FCB1-42F0-91F2-8B4CA8B8C069}.Debug|x64.Deploy.0 = Debug|iPhone
		{F0DD73A2-FCB1-42F0-91F2-8B4CA8B8C069}.Debug|x86.ActiveCfg = Debug|iPhone
		{F0DD73A2-FCB1-42F0-91F2-8B4CA8B8C069}.Debug|x86.Build.0 = Debug|iPhone
		{F0DD73A2-FCB1-42F0-91F2-8B4CA8B8C069}.Debug|x86.Deploy.0 = Debug|iPhone
		{F0DD73A2-FCB1-42F0-91F2-8B4CA8B8C069}.Release|Any CPU.ActiveCfg = Release|iPhone
		{F0DD73A2-FCB1-42F0-91F2-8B4CA8B8C069}.Release|Any CPU.Build.0 = Release|iPhone
		{F0DD73A2-FCB1-42F0-91F2-8B4CA8B8C069}.Release|Any CPU.Deploy.0 = Release|iPhone
		{F0DD73A2-FCB1-42F0-91F2-8B4CA8B8C069}.Release|ARM.ActiveCfg = Release|iPhone
		{F0DD73A2-FCB1-42F0-91F2-8B4CA8B8C069}.Release|ARM.Build.0 = Release|iPhone
		{F0DD73A2-FCB1-42F0-91F2-8B4CA8B8C069}.Release|ARM.Deploy.0 = Release|iPhone
		{F0DD73A2-FCB1-42F0-91F2-8B4CA8B8C069}.Release|iPhone.ActiveCfg = Release|iPhone
		{F0DD73A2-FCB1-42F0-91F2-8B4CA8B8C069}.Release|iPhone.Build.0 = Release|iPhone
		{F0DD73A2-FCB1-42F0-91F2-8B4CA8B8C069}.Release|iPhone.Deploy.0 = Release|iPhone
		{F0DD73A2-FCB1-42F0-91F2-8B4CA8B8C069}.Release|iPhoneSimulator.ActiveCfg = Release|iPhoneSimulator
		{F0DD73A2-FCB1-42F0-91F2-8B4CA8B8C069}.Release|iPhoneSimulator.Build.0 = Release|iPhoneSimulator
		{F0DD73A2-FCB1-42F0-91F2-8B4CA8B8C069}.Release|iPhoneSimulator.Deploy.0 = Release|iPhoneSimulator
		{F0DD73A2-FCB1-42F0-91F2-8B4CA8B8C069}.Release|x64.ActiveCfg = Release|iPhone
		{F0DD73A2-FCB1-42F0-91F2-8B4CA8B8C069}.Release|x64.Build.0 = Release|iPhone
		{F0DD73A2-FCB1-42F0-91F2-8B4CA8B8C069}.Release|x64.Deploy.0 = Release|iPhone
		{F0DD73A2-FCB1-42F0-91F2-8B4CA8B8C069}.Release|x86.ActiveCfg = Release|iPhone
		{F0DD73A2-FCB1-42F0-91F2-8B4CA8B8C069}.Release|x86.Build.0 = Release|iPhone
		{F0DD73A2-FCB1-42F0-91F2-8B4CA8B8C069}.Release|x86.Deploy.0 = Release|iPhone
		{8FD6BC62-654F-4FA6-92C6-735F003749DB}.Ad-Hoc|Any CPU.ActiveCfg = Release|x86
		{8FD6BC62-654F-4FA6-92C6-735F003749DB}.Ad-Hoc|Any CPU.Build.0 = Release|x86
		{8FD6BC62-654F-4FA6-92C6-735F003749DB}.Ad-Hoc|Any CPU.Deploy.0 = Release|x86
		{8FD6BC62-654F-4FA6-92C6-735F003749DB}.Ad-Hoc|ARM.ActiveCfg = Release|ARM
		{8FD6BC62-654F-4FA6-92C6-735F003749DB}.Ad-Hoc|ARM.Build.0 = Release|ARM
		{8FD6BC62-654F-4FA6-92C6-735F003749DB}.Ad-Hoc|ARM.Deploy.0 = Release|ARM
		{8FD6BC62-654F-4FA6-92C6-735F003749DB}.Ad-Hoc|iPhone.ActiveCfg = Release|x86
		{8FD6BC62-654F-4FA6-92C6-735F003749DB}.Ad-Hoc|iPhone.Build.0 = Release|x86
		{8FD6BC62-654F-4FA6-92C6-735F003749DB}.Ad-Hoc|iPhone.Deploy.0 = Release|x86
		{8FD6BC62-654F-4FA6-92C6-735F003749DB}.Ad-Hoc|iPhoneSimulator.ActiveCfg = Release|x86
		{8FD6BC62-654F-4FA6-92C6-735F003749DB}.Ad-Hoc|iPhoneSimulator.Build.0 = Release|x86
		{8FD6BC62-654F-4FA6-92C6-735F003749DB}.Ad-Hoc|iPhoneSimulator.Deploy.0 = Release|x86
		{8FD6BC62-654F-4FA6-92C6-735F003749DB}.Ad-Hoc|x64.ActiveCfg = Release|x64
		{8FD6BC62-654F-4FA6-92C6-735F003749DB}.Ad-Hoc|x64.Build.0 = Release|x64
		{8FD6BC62-654F-4FA6-92C6-735F003749DB}.Ad-Hoc|x64.Deploy.0 = Release|x64
		{8FD6BC62-654F-4FA6-92C6-735F003749DB}.Ad-Hoc|x86.ActiveCfg = Release|x86
		{8FD6BC62-654F-4FA6-92C6-735F003749DB}.Ad-Hoc|x86.Build.0 = Release|x86
		{8FD6BC62-654F-4FA6-92C6-735F003749DB}.Ad-Hoc|x86.Deploy.0 = Release|x86
		{8FD6BC62-654F-4FA6-92C6-735F003749DB}.AppStore|Any CPU.ActiveCfg = Release|x86
		{8FD6BC62-654F-4FA6-92C6-735F003749DB}.AppStore|Any CPU.Build.0 = Release|x86
		{8FD6BC62-654F-4FA6-92C6-735F003749DB}.AppStore|Any CPU.Deploy.0 = Release|x86
		{8FD6BC62-654F-4FA6-92C6-735F003749DB}.AppStore|ARM.ActiveCfg = Release|ARM
		{8FD6BC62-654F-4FA6-92C6-735F003749DB}.AppStore|ARM.Build.0 = Release|ARM
		{8FD6BC62-654F-4FA6-92C6-735F003749DB}.AppStore|ARM.Deploy.0 = Release|ARM
		{8FD6BC62-654F-4FA6-92C6-735F003749DB}.AppStore|iPhone.ActiveCfg = Release|x86
		{8FD6BC62-654F-4FA6-92C6-735F003749DB}.AppStore|iPhone.Build.0 = Release|x86
		{8FD6BC62-654F-4FA6-92C6-735F003749DB}.AppStore|iPhone.Deploy.0 = Release|x86
		{8FD6BC62-654F-4FA6-92C6-735F003749DB}.AppStore|iPhoneSimulator.ActiveCfg = Release|x86
		{8FD6BC62-654F-4FA6-92C6-735F003749DB}.AppStore|iPhoneSimulator.Build.0 = Release|x86
		{8FD6BC62-654F-4FA6-92C6-735F003749DB}.AppStore|iPhoneSimulator.Deploy.0 = Release|x86
		{8FD6BC62-654F-4FA6-92C6-735F003749DB}.AppStore|x64.ActiveCfg = Release|x64
		{8FD6BC62-654F-4FA6-92C6-735F003749DB}.AppStore|x64.Build.0 = Release|x64
		{8FD6BC62-654F-4FA6-92C6-735F003749DB}.AppStore|x64.Deploy.0 = Release|x64
		{8FD6BC62-654F-4FA6-92C6-735F003749DB}.AppStore|x86.ActiveCfg = Release|x86
		{8FD6BC62-654F-4FA6-92C6-735F003749DB}.AppStore|x86.Build.0 = Release|x86
		{8FD6BC62-654F-4FA6-92C6-735F003749DB}.AppStore|x86.Deploy.0 = Release|x86
		{8FD6BC62-654F-4FA6-92C6-735F003749DB}.Debug|Any CPU.ActiveCfg = Debug|x86
		{8FD6BC62-654F-4FA6-92C6-735F003749DB}.Debug|Any CPU.Build.0 = Debug|x86
		{8FD6BC62-654F-4FA6-92C6-735F003749DB}.Debug|Any CPU.Deploy.0 = Debug|x86
		{8FD6BC62-654F-4FA6-92C6-735F003749DB}.Debug|ARM.ActiveCfg = Debug|ARM
		{8FD6BC62-654F-4FA6-92C6-735F003749DB}.Debug|ARM.Build.0 = Debug|ARM
		{8FD6BC62-654F-4FA6-92C6-735F003749DB}.Debug|ARM.Deploy.0 = Debug|ARM
		{8FD6BC62-654F-4FA6-92C6-735F003749DB}.Debug|iPhone.ActiveCfg = Debug|x86
		{8FD6BC62-654F-4FA6-92C6-735F003749DB}.Debug|iPhone.Build.0 = Debug|x86
		{8FD6BC62-654F-4FA6-92C6-735F003749DB}.Debug|iPhone.Deploy.0 = Debug|x86
		{8FD6BC62-654F-4FA6-92C6-735F003749DB}.Debug|iPhoneSimulator.ActiveCfg = Debug|x86
		{8FD6BC62-654F-4FA6-92C6-735F003749DB}.Debug|iPhoneSimulator.Build.0 = Debug|x86
		{8FD6BC62-654F-4FA6-92C6-735F003749DB}.Debug|iPhoneSimulator.Deploy.0 = Debug|x86
		{8FD6BC62-654F-4FA6-92C6-735F003749DB}.Debug|x64.ActiveCfg = Debug|x64
		{8FD6BC62-654F-4FA6-92C6-735F003749DB}.Debug|x64.Build.0 = Debug|x64
		{8FD6BC62-654F-4FA6-92C6-735F003749DB}.Debug|x64.Deploy.0 = Debug|x64
		{8FD6BC62-654F-4FA6-92C6-735F003749DB}.Debug|x86.ActiveCfg = Debug|x86
		{8FD6BC62-654F-4FA6-92C6-735F003749DB}.Debug|x86.Build.0 = Debug|x86
		{8FD6BC62-654F-4FA6-92C6-735F003749DB}.Debug|x86.Deploy.0 = Debug|x86
		{8FD6BC62-654F-4FA6-92C6-735F003749DB}.Release|Any CPU.ActiveCfg = Release|x86
		{8FD6BC62-654F-4FA6-92C6-735F003749DB}.Release|Any CPU.Build.0 = Release|x86
		{8FD6BC62-654F-4FA6-92C6-735F003749DB}.Release|Any CPU.Deploy.0 = Release|x86
		{8FD6BC62-654F-4FA6-92C6-735F003749DB}.Release|ARM.ActiveCfg = Release|ARM
		{8FD6BC62-654F-4FA6-92C6-735F003749DB}.Release|ARM.Build.0 = Release|ARM
		{8FD6BC62-654F-4FA6-92C6-735F003749DB}.Release|ARM.Deploy.0 = Release|ARM
		{8FD6BC62-654F-4FA6-92C6-735F003749DB}.Release|iPhone.ActiveCfg = Release|x86
		{8FD6BC62-654F-4FA6-92C6-735F003749DB}.Release|iPhone.Build.0 = Release|x86
		{8FD6BC62-654F-4FA6-92C6-735F003749DB}.Release|iPhone.Deploy.0 = Release|x86
		{8FD6BC62-654F-4FA6-92C6-735F003749DB}.Release|iPhoneSimulator.ActiveCfg = Release|x86
		{8FD6BC62-654F-4FA6-92C6-735F003749DB}.Release|iPhoneSimulator.Build.0 = Release|x86
		{8FD6BC62-654F-4FA6-92C6-735F003749DB}.Release|iPhoneSimulator.Deploy.0 = Release|x86
		{8FD6BC62-654F-4FA6-92C6-735F003749DB}.Release|x64.ActiveCfg = Release|x64
		{8FD6BC62-654F-4FA6-92C6-735F003749DB}.Release|x64.Build.0 = Release|x64
		{8FD6BC62-654F-4FA6-92C6-735F003749DB}.Release|x64.Deploy.0 = Release|x64
		{8FD6BC62-654F-4FA6-92C6-735F003749DB}.Release|x86.ActiveCfg = Release|x86
		{8FD6BC62-654F-4FA6-92C6-735F003749DB}.Release|x86.Build.0 = Release|x86
		{8FD6BC62-654F-4FA6-92C6-735F003749DB}.Release|x86.Deploy.0 = Release|x86
		{7E6216BC-3151-453F-966D-A07A1A417162}.Ad-Hoc|Any CPU.ActiveCfg = Debug|Any CPU
		{7E6216BC-3151-453F-966D-A07A1A417162}.Ad-Hoc|Any CPU.Build.0 = Debug|Any CPU
		{7E6216BC-3151-453F-966D-A07A1A417162}.Ad-Hoc|Any CPU.Deploy.0 = Debug|Any CPU
		{7E6216BC-3151-453F-966D-A07A1A417162}.Ad-Hoc|ARM.ActiveCfg = Debug|Any CPU
		{7E6216BC-3151-453F-966D-A07A1A417162}.Ad-Hoc|ARM.Build.0 = Debug|Any CPU
		{7E6216BC-3151-453F-966D-A07A1A417162}.Ad-Hoc|ARM.Deploy.0 = Debug|Any CPU
		{7E6216BC-3151-453F-966D-A07A1A417162}.Ad-Hoc|iPhone.ActiveCfg = Debug|Any CPU
		{7E6216BC-3151-453F-966D-A07A1A417162}.Ad-Hoc|iPhone.Build.0 = Debug|Any CPU
		{7E6216BC-3151-453F-966D-A07A1A417162}.Ad-Hoc|iPhone.Deploy.0 = Debug|Any CPU
		{7E6216BC-3151-453F-966D-A07A1A417162}.Ad-Hoc|iPhoneSimulator.ActiveCfg = Debug|Any CPU
		{7E6216BC-3151-453F-966D-A07A1A417162}.Ad-Hoc|iPhoneSimulator.Build.0 = Debug|Any CPU
		{7E6216BC-3151-453F-966D-A07A1A417162}.Ad-Hoc|iPhoneSimulator.Deploy.0 = Debug|Any CPU
		{7E6216BC-3151-453F-966D-A07A1A417162}.Ad-Hoc|x64.ActiveCfg = Debug|Any CPU
		{7E6216BC-3151-453F-966D-A07A1A417162}.Ad-Hoc|x64.Build.0 = Debug|Any CPU
		{7E6216BC-3151-453F-966D-A07A1A417162}.Ad-Hoc|x64.Deploy.0 = Debug|Any CPU
		{7E6216BC-3151-453F-966D-A07A1A417162}.Ad-Hoc|x86.ActiveCfg = Debug|Any CPU
		{7E6216BC-3151-453F-966D-A07A1A417162}.Ad-Hoc|x86.Build.0 = Debug|Any CPU
		{7E6216BC-3151-453F-966D-A07A1A417162}.Ad-Hoc|x86.Deploy.0 = Debug|Any CPU
		{7E6216BC-3151-453F-966D-A07A1A417162}.AppStore|Any CPU.ActiveCfg = Debug|Any CPU
		{7E6216BC-3151-453F-966D-A07A1A417162}.AppStore|Any CPU.Build.0 = Debug|Any CPU
		{7E6216BC-3151-453F-966D-A07A1A417162}.AppStore|Any CPU.Deploy.0 = Debug|Any CPU
		{7E6216BC-3151-453F-966D-A07A1A417162}.AppStore|ARM.ActiveCfg = Debug|Any CPU
		{7E6216BC-3151-453F-966D-A07A1A417162}.AppStore|ARM.Build.0 = Debug|Any CPU
		{7E6216BC-3151-453F-966D-A07A1A417162}.AppStore|ARM.Deploy.0 = Debug|Any CPU
		{7E6216BC-3151-453F-966D-A07A1A417162}.AppStore|iPhone.ActiveCfg = Debug|Any CPU
		{7E6216BC-3151-453F-966D-A07A1A417162}.AppStore|iPhone.Build.0 = Debug|Any CPU
		{7E6216BC-3151-453F-966D-A07A1A417162}.AppStore|iPhone.Deploy.0 = Debug|Any CPU
		{7E6216BC-3151-453F-966D-A07A1A417162}.AppStore|iPhoneSimulator.ActiveCfg = Debug|Any CPU
		{7E6216BC-3151-453F-966D-A07A1A417162}.AppStore|iPhoneSimulator.Build.0 = Debug|Any CPU
		{7E6216BC-3151-453F-966D-A07A1A417162}.AppStore|iPhoneSimulator.Deploy.0 = Debug|Any CPU
		{7E6216BC-3151-453F-966D-A07A1A417162}.AppStore|x64.ActiveCfg = Debug|Any CPU
		{7E6216BC-3151-453F-966D-A07A1A417162}.AppStore|x64.Build.0 = Debug|Any CPU
		{7E6216BC-3151-453F-966D-A07A1A417162}.AppStore|x64.Deploy.0 = Debug|Any CPU
		{7E6216BC-3151-453F-966D-A07A1A417162}.AppStore|x86.ActiveCfg = Debug|Any CPU
		{7E6216BC-3151-453F-966D-A07A1A417162}.AppStore|x86.Build.0 = Debug|Any CPU
		{7E6216BC-3151-453F-966D-A07A1A417162}.AppStore|x86.Deploy.0 = Debug|Any CPU
		{7E6216BC-3151-453F-966D-A07A1A417162}.Debug|Any CPU.ActiveCfg = Debug|Any CPU
		{7E6216BC-3151-453F-966D-A07A1A417162}.Debug|Any CPU.Build.0 = Debug|Any CPU
		{7E6216BC-3151-453F-966D-A07A1A417162}.Debug|Any CPU.Deploy.0 = Debug|Any CPU
		{7E6216BC-3151-453F-966D-A07A1A417162}.Debug|ARM.ActiveCfg = Debug|Any CPU
		{7E6216BC-3151-453F-966D-A07A1A417162}.Debug|ARM.Build.0 = Debug|Any CPU
		{7E6216BC-3151-453F-966D-A07A1A417162}.Debug|ARM.Deploy.0 = Debug|Any CPU
		{7E6216BC-3151-453F-966D-A07A1A417162}.Debug|iPhone.ActiveCfg = Debug|Any CPU
		{7E6216BC-3151-453F-966D-A07A1A417162}.Debug|iPhone.Build.0 = Debug|Any CPU
		{7E6216BC-3151-453F-966D-A07A1A417162}.Debug|iPhone.Deploy.0 = Debug|Any CPU
		{7E6216BC-3151-453F-966D-A07A1A417162}.Debug|iPhoneSimulator.ActiveCfg = Debug|Any CPU
		{7E6216BC-3151-453F-966D-A07A1A417162}.Debug|iPhoneSimulator.Build.0 = Debug|Any CPU
		{7E6216BC-3151-453F-966D-A07A1A417162}.Debug|iPhoneSimulator.Deploy.0 = Debug|Any CPU
		{7E6216BC-3151-453F-966D-A07A1A417162}.Debug|x64.ActiveCfg = Debug|Any CPU
		{7E6216BC-3151-453F-966D-A07A1A417162}.Debug|x64.Build.0 = Debug|Any CPU
		{7E6216BC-3151-453F-966D-A07A1A417162}.Debug|x64.Deploy.0 = Debug|Any CPU
		{7E6216BC-3151-453F-966D-A07A1A417162}.Debug|x86.ActiveCfg = Debug|Any CPU
		{7E6216BC-3151-453F-966D-A07A1A417162}.Debug|x86.Build.0 = Debug|Any CPU
		{7E6216BC-3151-453F-966D-A07A1A417162}.Debug|x86.Deploy.0 = Debug|Any CPU
		{7E6216BC-3151-453F-966D-A07A1A417162}.Release|Any CPU.ActiveCfg = Release|Any CPU
		{7E6216BC-3151-453F-966D-A07A1A417162}.Release|Any CPU.Build.0 = Release|Any CPU
		{7E6216BC-3151-453F-966D-A07A1A417162}.Release|Any CPU.Deploy.0 = Release|Any CPU
		{7E6216BC-3151-453F-966D-A07A1A417162}.Release|ARM.ActiveCfg = Release|Any CPU
		{7E6216BC-3151-453F-966D-A07A1A417162}.Release|ARM.Build.0 = Release|Any CPU
		{7E6216BC-3151-453F-966D-A07A1A417162}.Release|ARM.Deploy.0 = Release|Any CPU
		{7E6216BC-3151-453F-966D-A07A1A417162}.Release|iPhone.ActiveCfg = Release|Any CPU
		{7E6216BC-3151-453F-966D-A07A1A417162}.Release|iPhone.Build.0 = Release|Any CPU
		{7E6216BC-3151-453F-966D-A07A1A417162}.Release|iPhone.Deploy.0 = Release|Any CPU
		{7E6216BC-3151-453F-966D-A07A1A417162}.Release|iPhoneSimulator.ActiveCfg = Release|Any CPU
		{7E6216BC-3151-453F-966D-A07A1A417162}.Release|iPhoneSimulator.Build.0 = Release|Any CPU
		{7E6216BC-3151-453F-966D-A07A1A417162}.Release|iPhoneSimulator.Deploy.0 = Release|Any CPU
		{7E6216BC-3151-453F-966D-A07A1A417162}.Release|x64.ActiveCfg = Release|Any CPU
		{7E6216BC-3151-453F-966D-A07A1A417162}.Release|x64.Build.0 = Release|Any CPU
		{7E6216BC-3151-453F-966D-A07A1A417162}.Release|x64.Deploy.0 = Release|Any CPU
		{7E6216BC-3151-453F-966D-A07A1A417162}.Release|x86.ActiveCfg = Release|Any CPU
		{7E6216BC-3151-453F-966D-A07A1A417162}.Release|x86.Build.0 = Release|Any CPU
		{7E6216BC-3151-453F-966D-A07A1A417162}.Release|x86.Deploy.0 = Release|Any CPU
	EndGlobalSection
	GlobalSection(SolutionProperties) = preSolution
		HideSolutionNode = FALSE
	EndGlobalSection
	GlobalSection(ExtensibilityGlobals) = postSolution
		SolutionGuid = {62C22897-B37F-418E-A345-E7341009A1DF}
	EndGlobalSection
EndGlobal
